// !$*UTF8*$!
{
	archiveVersion = 1;
	classes = {
	};
	objectVersion = 56;
	objects = {

/* Begin PBXBuildFile section */
		2319D5AA2AF1BF8000653370 /* AppDelegate.swift in Sources */ = {isa = PBXBuildFile; fileRef = 2319D5A92AF1BF8000653370 /* AppDelegate.swift */; };
		2319D5AC2AF1BF8000653370 /* SceneDelegate.swift in Sources */ = {isa = PBXBuildFile; fileRef = 2319D5AB2AF1BF8000653370 /* SceneDelegate.swift */; };
		2319D5AE2AF1BF8000653370 /* ViewController.swift in Sources */ = {isa = PBXBuildFile; fileRef = 2319D5AD2AF1BF8000653370 /* ViewController.swift */; };
		2319D5B12AF1BF8000653370 /* Main.storyboard in Resources */ = {isa = PBXBuildFile; fileRef = 2319D5AF2AF1BF8000653370 /* Main.storyboard */; };
		2319D5B32AF1BF8200653370 /* Assets.xcassets in Resources */ = {isa = PBXBuildFile; fileRef = 2319D5B22AF1BF8200653370 /* Assets.xcassets */; };
		2319D5B62AF1BF8200653370 /* LaunchScreen.storyboard in Resources */ = {isa = PBXBuildFile; fileRef = 2319D5B42AF1BF8200653370 /* LaunchScreen.storyboard */; };
		2319D5C12AF1BF8200653370 /* CandyReviewAppTests.swift in Sources */ = {isa = PBXBuildFile; fileRef = 2319D5C02AF1BF8200653370 /* CandyReviewAppTests.swift */; };
		2319D5CB2AF1BF8200653370 /* CandyReviewAppUITests.swift in Sources */ = {isa = PBXBuildFile; fileRef = 2319D5CA2AF1BF8200653370 /* CandyReviewAppUITests.swift */; };
		2319D5CD2AF1BF8200653370 /* CandyReviewAppUITestsLaunchTests.swift in Sources */ = {isa = PBXBuildFile; fileRef = 2319D5CC2AF1BF8200653370 /* CandyReviewAppUITestsLaunchTests.swift */; };
		2319D5DA2AF1C00A00653370 /* secondViewController.swift in Sources */ = {isa = PBXBuildFile; fileRef = 2319D5D92AF1C00A00653370 /* secondViewController.swift */; };
		2319D5DC2AF1C03D00653370 /* zeroViewController.swift in Sources */ = {isa = PBXBuildFile; fileRef = 2319D5DB2AF1C03D00653370 /* zeroViewController.swift */; };
/* End PBXBuildFile section */

/* Begin PBXContainerItemProxy section */
		2319D5BD2AF1BF8200653370 /* PBXContainerItemProxy */ = {
			isa = PBXContainerItemProxy;
			containerPortal = 2319D59E2AF1BF8000653370 /* Project object */;
			proxyType = 1;
			remoteGlobalIDString = 2319D5A52AF1BF8000653370;
			remoteInfo = CandyReviewApp;
		};
		2319D5C72AF1BF8200653370 /* PBXContainerItemProxy */ = {
			isa = PBXContainerItemProxy;
			containerPortal = 2319D59E2AF1BF8000653370 /* Project object */;
			proxyType = 1;
			remoteGlobalIDString = 2319D5A52AF1BF8000653370;
			remoteInfo = CandyReviewApp;
		};
/* End PBXContainerItemProxy section */

/* Begin PBXFileReference section */
		2319D5A62AF1BF8000653370 /* CandyReviewApp.app */ = {isa = PBXFileReference; explicitFileType = wrapper.application; includeInIndex = 0; path = CandyReviewApp.app; sourceTree = BUILT_PRODUCTS_DIR; };
		2319D5A92AF1BF8000653370 /* AppDelegate.swift */ = {isa = PBXFileReference; lastKnownFileType = sourcecode.swift; path = AppDelegate.swift; sourceTree = "<group>"; };
		2319D5AB2AF1BF8000653370 /* SceneDelegate.swift */ = {isa = PBXFileReference; lastKnownFileType = sourcecode.swift; path = SceneDelegate.swift; sourceTree = "<group>"; };
		2319D5AD2AF1BF8000653370 /* ViewController.swift */ = {isa = PBXFileReference; lastKnownFileType = sourcecode.swift; path = ViewController.swift; sourceTree = "<group>"; };
		2319D5B02AF1BF8000653370 /* Base */ = {isa = PBXFileReference; lastKnownFileType = file.storyboard; name = Base; path = Base.lproj/Main.storyboard; sourceTree = "<group>"; };
		2319D5B22AF1BF8200653370 /* Assets.xcassets */ = {isa = PBXFileReference; lastKnownFileType = folder.assetcatalog; path = Assets.xcassets; sourceTree = "<group>"; };
		2319D5B52AF1BF8200653370 /* Base */ = {isa = PBXFileReference; lastKnownFileType = file.storyboard; name = Base; path = Base.lproj/LaunchScreen.storyboard; sourceTree = "<group>"; };
		2319D5B72AF1BF8200653370 /* Info.plist */ = {isa = PBXFileReference; lastKnownFileType = text.plist.xml; path = Info.plist; sourceTree = "<group>"; };
		2319D5BC2AF1BF8200653370 /* CandyReviewAppTests.xctest */ = {isa = PBXFileReference; explicitFileType = wrapper.cfbundle; includeInIndex = 0; path = CandyReviewAppTests.xctest; sourceTree = BUILT_PRODUCTS_DIR; };
		2319D5C02AF1BF8200653370 /* CandyReviewAppTests.swift */ = {isa = PBXFileReference; lastKnownFileType = sourcecode.swift; path = CandyReviewAppTests.swift; sourceTree = "<group>"; };
		2319D5C62AF1BF8200653370 /* CandyReviewAppUITests.xctest */ = {isa = PBXFileReference; explicitFileType = wrapper.cfbundle; includeInIndex = 0; path = CandyReviewAppUITests.xctest; sourceTree = BUILT_PRODUCTS_DIR; };
		2319D5CA2AF1BF8200653370 /* CandyReviewAppUITests.swift */ = {isa = PBXFileReference; lastKnownFileType = sourcecode.swift; path = CandyReviewAppUITests.swift; sourceTree = "<group>"; };
		2319D5CC2AF1BF8200653370 /* CandyReviewAppUITestsLaunchTests.swift */ = {isa = PBXFileReference; lastKnownFileType = sourcecode.swift; path = CandyReviewAppUITestsLaunchTests.swift; sourceTree = "<group>"; };
		2319D5D92AF1C00A00653370 /* secondViewController.swift */ = {isa = PBXFileReference; lastKnownFileType = sourcecode.swift; path = secondViewController.swift; sourceTree = "<group>"; };
		2319D5DB2AF1C03D00653370 /* zeroViewController.swift */ = {isa = PBXFileReference; lastKnownFileType = sourcecode.swift; path = zeroViewController.swift; sourceTree = "<group>"; };
/* End PBXFileReference section */

/* Begin PBXFrameworksBuildPhase section */
		2319D5A32AF1BF8000653370 /* Frameworks */ = {
			isa = PBXFrameworksBuildPhase;
			buildActionMask = 2147483647;
			files = (
			);
			runOnlyForDeploymentPostprocessing = 0;
		};
		2319D5B92AF1BF8200653370 /* Frameworks */ = {
			isa = PBXFrameworksBuildPhase;
			buildActionMask = 2147483647;
			files = (
			);
			runOnlyForDeploymentPostprocessing = 0;
		};
		2319D5C32AF1BF8200653370 /* Frameworks */ = {
			isa = PBXFrameworksBuildPhase;
			buildActionMask = 2147483647;
			files = (
			);
			runOnlyForDeploymentPostprocessing = 0;
		};
/* End PBXFrameworksBuildPhase section */

/* Begin PBXGroup section */
		2319D59D2AF1BF8000653370 = {
			isa = PBXGroup;
			children = (
				2319D5A82AF1BF8000653370 /* CandyReviewApp */,
				2319D5BF2AF1BF8200653370 /* CandyReviewAppTests */,
				2319D5C92AF1BF8200653370 /* CandyReviewAppUITests */,
				2319D5A72AF1BF8000653370 /* Products */,
			);
			sourceTree = "<group>";
		};
		2319D5A72AF1BF8000653370 /* Products */ = {
			isa = PBXGroup;
			children = (
				2319D5A62AF1BF8000653370 /* CandyReviewApp.app */,
				2319D5BC2AF1BF8200653370 /* CandyReviewAppTests.xctest */,
				2319D5C62AF1BF8200653370 /* CandyReviewAppUITests.xctest */,
			);
			name = Products;
			sourceTree = "<group>";
		};
		2319D5A82AF1BF8000653370 /* CandyReviewApp */ = {
			isa = PBXGroup;
			children = (
				2319D5A92AF1BF8000653370 /* AppDelegate.swift */,
				2319D5AB2AF1BF8000653370 /* SceneDelegate.swift */,
				2319D5AD2AF1BF8000653370 /* ViewController.swift */,
				2319D5AF2AF1BF8000653370 /* Main.storyboard */,
				2319D5DB2AF1C03D00653370 /* zeroViewController.swift */,
				2319D5D92AF1C00A00653370 /* secondViewController.swift */,
				2319D5B22AF1BF8200653370 /* Assets.xcassets */,
				2319D5B42AF1BF8200653370 /* LaunchScreen.storyboard */,
				2319D5B72AF1BF8200653370 /* Info.plist */,
			);
			path = CandyReviewApp;
			sourceTree = "<group>";
		};
		2319D5BF2AF1BF8200653370 /* CandyReviewAppTests */ = {
			isa = PBXGroup;
			children = (
				2319D5C02AF1BF8200653370 /* CandyReviewAppTests.swift */,
			);
			path = CandyReviewAppTests;
			sourceTree = "<group>";
		};
		2319D5C92AF1BF8200653370 /* CandyReviewAppUITests */ = {
			isa = PBXGroup;
			children = (
				2319D5CA2AF1BF8200653370 /* CandyReviewAppUITests.swift */,
				2319D5CC2AF1BF8200653370 /* CandyReviewAppUITestsLaunchTests.swift */,
			);
			path = CandyReviewAppUITests;
			sourceTree = "<group>";
		};
/* End PBXGroup section */

/* Begin PBXNativeTarget section */
		2319D5A52AF1BF8000653370 /* CandyReviewApp */ = {
			isa = PBXNativeTarget;
			buildConfigurationList = 2319D5D02AF1BF8200653370 /* Build configuration list for PBXNativeTarget "CandyReviewApp" */;
			buildPhases = (
				2319D5A22AF1BF8000653370 /* Sources */,
				2319D5A32AF1BF8000653370 /* Frameworks */,
				2319D5A42AF1BF8000653370 /* Resources */,
			);
			buildRules = (
			);
			dependencies = (
			);
			name = CandyReviewApp;
			productName = CandyReviewApp;
			productReference = 2319D5A62AF1BF8000653370 /* CandyReviewApp.app */;
			productType = "com.apple.product-type.application";
		};
		2319D5BB2AF1BF8200653370 /* CandyReviewAppTests */ = {
			isa = PBXNativeTarget;
			buildConfigurationList = 2319D5D32AF1BF8200653370 /* Build configuration list for PBXNativeTarget "CandyReviewAppTests" */;
			buildPhases = (
				2319D5B82AF1BF8200653370 /* Sources */,
				2319D5B92AF1BF8200653370 /* Frameworks */,
				2319D5BA2AF1BF8200653370 /* Resources */,
			);
			buildRules = (
			);
			dependencies = (
				2319D5BE2AF1BF8200653370 /* PBXTargetDependency */,
			);
			name = CandyReviewAppTests;
			productName = CandyReviewAppTests;
			productReference = 2319D5BC2AF1BF8200653370 /* CandyReviewAppTests.xctest */;
			productType = "com.apple.product-type.bundle.unit-test";
		};
		2319D5C52AF1BF8200653370 /* CandyReviewAppUITests */ = {
			isa = PBXNativeTarget;
			buildConfigurationList = 2319D5D62AF1BF8200653370 /* Build configuration list for PBXNativeTarget "CandyReviewAppUITests" */;
			buildPhases = (
				2319D5C22AF1BF8200653370 /* Sources */,
				2319D5C32AF1BF8200653370 /* Frameworks */,
				2319D5C42AF1BF8200653370 /* Resources */,
			);
			buildRules = (
			);
			dependencies = (
				2319D5C82AF1BF8200653370 /* PBXTargetDependency */,
			);
			name = CandyReviewAppUITests;
			productName = CandyReviewAppUITests;
			productReference = 2319D5C62AF1BF8200653370 /* CandyReviewAppUITests.xctest */;
			productType = "com.apple.product-type.bundle.ui-testing";
		};
/* End PBXNativeTarget section */

/* Begin PBXProject section */
		2319D59E2AF1BF8000653370 /* Project object */ = {
			isa = PBXProject;
			attributes = {
				BuildIndependentTargetsInParallel = 1;
				LastSwiftUpdateCheck = 1430;
				LastUpgradeCheck = 1430;
				TargetAttributes = {
					2319D5A52AF1BF8000653370 = {
						CreatedOnToolsVersion = 14.3.1;
					};
					2319D5BB2AF1BF8200653370 = {
						CreatedOnToolsVersion = 14.3.1;
						TestTargetID = 2319D5A52AF1BF8000653370;
					};
					2319D5C52AF1BF8200653370 = {
						CreatedOnToolsVersion = 14.3.1;
						TestTargetID = 2319D5A52AF1BF8000653370;
					};
				};
			};
			buildConfigurationList = 2319D5A12AF1BF8000653370 /* Build configuration list for PBXProject "CandyReviewApp" */;
			compatibilityVersion = "Xcode 14.0";
			developmentRegion = en;
			hasScannedForEncodings = 0;
			knownRegions = (
				en,
				Base,
			);
			mainGroup = 2319D59D2AF1BF8000653370;
			productRefGroup = 2319D5A72AF1BF8000653370 /* Products */;
			projectDirPath = "";
			projectRoot = "";
			targets = (
				2319D5A52AF1BF8000653370 /* CandyReviewApp */,
				2319D5BB2AF1BF8200653370 /* CandyReviewAppTests */,
				2319D5C52AF1BF8200653370 /* CandyReviewAppUITests */,
			);
		};
/* End PBXProject section */

/* Begin PBXResourcesBuildPhase section */
		2319D5A42AF1BF8000653370 /* Resources */ = {
			isa = PBXResourcesBuildPhase;
			buildActionMask = 2147483647;
			files = (
				2319D5B62AF1BF8200653370 /* LaunchScreen.storyboard in Resources */,
				2319D5B32AF1BF8200653370 /* Assets.xcassets in Resources */,
				2319D5B12AF1BF8000653370 /* Main.storyboard in Resources */,
			);
			runOnlyForDeploymentPostprocessing = 0;
		};
		2319D5BA2AF1BF8200653370 /* Resources */ = {
			isa = PBXResourcesBuildPhase;
			buildActionMask = 2147483647;
			files = (
			);
			runOnlyForDeploymentPostprocessing = 0;
		};
		2319D5C42AF1BF8200653370 /* Resources */ = {
			isa = PBXResourcesBuildPhase;
			buildActionMask = 2147483647;
			files = (
			);
			runOnlyForDeploymentPostprocessing = 0;
		};
/* End PBXResourcesBuildPhase section */

/* Begin PBXSourcesBuildPhase section */
		2319D5A22AF1BF8000653370 /* Sources */ = {
			isa = PBXSourcesBuildPhase;
			buildActionMask = 2147483647;
			files = (
				2319D5DA2AF1C00A00653370 /* secondViewController.swift in Sources */,
				2319D5AE2AF1BF8000653370 /* ViewController.swift in Sources */,
				2319D5AA2AF1BF8000653370 /* AppDelegate.swift in Sources */,
				2319D5DC2AF1C03D00653370 /* zeroViewController.swift in Sources */,
				2319D5AC2AF1BF8000653370 /* SceneDelegate.swift in Sources */,
			);
			runOnlyForDeploymentPostprocessing = 0;
		};
		2319D5B82AF1BF8200653370 /* Sources */ = {
			isa = PBXSourcesBuildPhase;
			buildActionMask = 2147483647;
			files = (
				2319D5C12AF1BF8200653370 /* CandyReviewAppTests.swift in Sources */,
			);
			runOnlyForDeploymentPostprocessing = 0;
		};
		2319D5C22AF1BF8200653370 /* Sources */ = {
			isa = PBXSourcesBuildPhase;
			buildActionMask = 2147483647;
			files = (
				2319D5CD2AF1BF8200653370 /* CandyReviewAppUITestsLaunchTests.swift in Sources */,
				2319D5CB2AF1BF8200653370 /* CandyReviewAppUITests.swift in Sources */,
			);
			runOnlyForDeploymentPostprocessing = 0;
		};
/* End PBXSourcesBuildPhase section */

/* Begin PBXTargetDependency section */
		2319D5BE2AF1BF8200653370 /* PBXTargetDependency */ = {
			isa = PBXTargetDependency;
			target = 2319D5A52AF1BF8000653370 /* CandyReviewApp */;
			targetProxy = 2319D5BD2AF1BF8200653370 /* PBXContainerItemProxy */;
		};
		2319D5C82AF1BF8200653370 /* PBXTargetDependency */ = {
			isa = PBXTargetDependency;
			target = 2319D5A52AF1BF8000653370 /* CandyReviewApp */;
			targetProxy = 2319D5C72AF1BF8200653370 /* PBXContainerItemProxy */;
		};
/* End PBXTargetDependency section */

/* Begin PBXVariantGroup section */
		2319D5AF2AF1BF8000653370 /* Main.storyboard */ = {
			isa = PBXVariantGroup;
			children = (
				2319D5B02AF1BF8000653370 /* Base */,
			);
			name = Main.storyboard;
			sourceTree = "<group>";
		};
		2319D5B42AF1BF8200653370 /* LaunchScreen.storyboard */ = {
			isa = PBXVariantGroup;
			children = (
				2319D5B52AF1BF8200653370 /* Base */,
			);
			name = LaunchScreen.storyboard;
			sourceTree = "<group>";
		};
/* End PBXVariantGroup section */

/* Begin XCBuildConfiguration section */
		2319D5CE2AF1BF8200653370 /* Debug */ = {
			isa = XCBuildConfiguration;
			buildSettings = {
				ALWAYS_SEARCH_USER_PATHS = NO;
				CLANG_ANALYZER_NONNULL = YES;
				CLANG_ANALYZER_NUMBER_OBJECT_CONVERSION = YES_AGGRESSIVE;
				CLANG_CXX_LANGUAGE_STANDARD = "gnu++20";
				CLANG_ENABLE_MODULES = YES;
				CLANG_ENABLE_OBJC_ARC = YES;
				CLANG_ENABLE_OBJC_WEAK = YES;
				CLANG_WARN_BLOCK_CAPTURE_AUTORELEASING = YES;
				CLANG_WARN_BOOL_CONVERSION = YES;
				CLANG_WARN_COMMA = YES;
				CLANG_WARN_CONSTANT_CONVERSION = YES;
				CLANG_WARN_DEPRECATED_OBJC_IMPLEMENTATIONS = YES;
				CLANG_WARN_DIRECT_OBJC_ISA_USAGE = YES_ERROR;
				CLANG_WARN_DOCUMENTATION_COMMENTS = YES;
				CLANG_WARN_EMPTY_BODY = YES;
				CLANG_WARN_ENUM_CONVERSION = YES;
				CLANG_WARN_INFINITE_RECURSION = YES;
				CLANG_WARN_INT_CONVERSION = YES;
				CLANG_WARN_NON_LITERAL_NULL_CONVERSION = YES;
				CLANG_WARN_OBJC_IMPLICIT_RETAIN_SELF = YES;
				CLANG_WARN_OBJC_LITERAL_CONVERSION = YES;
				CLANG_WARN_OBJC_ROOT_CLASS = YES_ERROR;
				CLANG_WARN_QUOTED_INCLUDE_IN_FRAMEWORK_HEADER = YES;
				CLANG_WARN_RANGE_LOOP_ANALYSIS = YES;
				CLANG_WARN_STRICT_PROTOTYPES = YES;
				CLANG_WARN_SUSPICIOUS_MOVE = YES;
				CLANG_WARN_UNGUARDED_AVAILABILITY = YES_AGGRESSIVE;
				CLANG_WARN_UNREACHABLE_CODE = YES;
				CLANG_WARN__DUPLICATE_METHOD_MATCH = YES;
				COPY_PHASE_STRIP = NO;
				DEBUG_INFORMATION_FORMAT = dwarf;
				ENABLE_STRICT_OBJC_MSGSEND = YES;
				ENABLE_TESTABILITY = YES;
				GCC_C_LANGUAGE_STANDARD = gnu11;
				GCC_DYNAMIC_NO_PIC = NO;
				GCC_NO_COMMON_BLOCKS = YES;
				GCC_OPTIMIZATION_LEVEL = 0;
				GCC_PREPROCESSOR_DEFINITIONS = (
					"DEBUG=1",
					"$(inherited)",
				);
				GCC_WARN_64_TO_32_BIT_CONVERSION = YES;
				GCC_WARN_ABOUT_RETURN_TYPE = YES_ERROR;
				GCC_WARN_UNDECLARED_SELECTOR = YES;
				GCC_WARN_UNINITIALIZED_AUTOS = YES_AGGRESSIVE;
				GCC_WARN_UNUSED_FUNCTION = YES;
				GCC_WARN_UNUSED_VARIABLE = YES;
				IPHONEOS_DEPLOYMENT_TARGET = 16.4;
				MTL_ENABLE_DEBUG_INFO = INCLUDE_SOURCE;
				MTL_FAST_MATH = YES;
				ONLY_ACTIVE_ARCH = YES;
				SDKROOT = iphoneos;
				SWIFT_ACTIVE_COMPILATION_CONDITIONS = DEBUG;
				SWIFT_OPTIMIZATION_LEVEL = "-Onone";
			};
			name = Debug;
		};
		2319D5CF2AF1BF8200653370 /* Release */ = {
			isa = XCBuildConfiguration;
			buildSettings = {
				ALWAYS_SEARCH_USER_PATHS = NO;
				CLANG_ANALYZER_NONNULL = YES;
				CLANG_ANALYZER_NUMBER_OBJECT_CONVERSION = YES_AGGRESSIVE;
				CLANG_CXX_LANGUAGE_STANDARD = "gnu++20";
				CLANG_ENABLE_MODULES = YES;
				CLANG_ENABLE_OBJC_ARC = YES;
				CLANG_ENABLE_OBJC_WEAK = YES;
				CLANG_WARN_BLOCK_CAPTURE_AUTORELEASING = YES;
				CLANG_WARN_BOOL_CONVERSION = YES;
				CLANG_WARN_COMMA = YES;
				CLANG_WARN_CONSTANT_CONVERSION = YES;
				CLANG_WARN_DEPRECATED_OBJC_IMPLEMENTATIONS = YES;
				CLANG_WARN_DIRECT_OBJC_ISA_USAGE = YES_ERROR;
				CLANG_WARN_DOCUMENTATION_COMMENTS = YES;
				CLANG_WARN_EMPTY_BODY = YES;
				CLANG_WARN_ENUM_CONVERSION = YES;
				CLANG_WARN_INFINITE_RECURSION = YES;
				CLANG_WARN_INT_CONVERSION = YES;
				CLANG_WARN_NON_LITERAL_NULL_CONVERSION = YES;
				CLANG_WARN_OBJC_IMPLICIT_RETAIN_SELF = YES;
				CLANG_WARN_OBJC_LITERAL_CONVERSION = YES;
				CLANG_WARN_OBJC_ROOT_CLASS = YES_ERROR;
				CLANG_WARN_QUOTED_INCLUDE_IN_FRAMEWORK_HEADER = YES;
				CLANG_WARN_RANGE_LOOP_ANALYSIS = YES;
				CLANG_WARN_STRICT_PROTOTYPES = YES;
				CLANG_WARN_SUSPICIOUS_MOVE = YES;
				CLANG_WARN_UNGUARDED_AVAILABILITY = YES_AGGRESSIVE;
				CLANG_WARN_UNREACHABLE_CODE = YES;
				CLANG_WARN__DUPLICATE_METHOD_MATCH = YES;
				COPY_PHASE_STRIP = NO;
				DEBUG_INFORMATION_FORMAT = "dwarf-with-dsym";
				ENABLE_NS_ASSERTIONS = NO;
				ENABLE_STRICT_OBJC_MSGSEND = YES;
				GCC_C_LANGUAGE_STANDARD = gnu11;
				GCC_NO_COMMON_BLOCKS = YES;
				GCC_WARN_64_TO_32_BIT_CONVERSION = YES;
				GCC_WARN_ABOUT_RETURN_TYPE = YES_ERROR;
				GCC_WARN_UNDECLARED_SELECTOR = YES;
				GCC_WARN_UNINITIALIZED_AUTOS = YES_AGGRESSIVE;
				GCC_WARN_UNUSED_FUNCTION = YES;
				GCC_WARN_UNUSED_VARIABLE = YES;
				IPHONEOS_DEPLOYMENT_TARGET = 16.4;
				MTL_ENABLE_DEBUG_INFO = NO;
				MTL_FAST_MATH = YES;
				SDKROOT = iphoneos;
				SWIFT_COMPILATION_MODE = wholemodule;
				SWIFT_OPTIMIZATION_LEVEL = "-O";
				VALIDATE_PRODUCT = YES;
			};
			name = Release;
		};
		2319D5D12AF1BF8200653370 /* Debug */ = {
			isa = XCBuildConfiguration;
			buildSettings = {
				ASSETCATALOG_COMPILER_APPICON_NAME = AppIcon;
				ASSETCATALOG_COMPILER_GLOBAL_ACCENT_COLOR_NAME = AccentColor;
				CODE_SIGN_STYLE = Automatic;
				CURRENT_PROJECT_VERSION = 1;
				DEVELOPMENT_TEAM = SS493YKAUL;
				GENERATE_INFOPLIST_FILE = YES;
				INFOPLIST_FILE = CandyReviewApp/Info.plist;
				INFOPLIST_KEY_UIApplicationSupportsIndirectInputEvents = YES;
				INFOPLIST_KEY_UILaunchStoryboardName = LaunchScreen;
				INFOPLIST_KEY_UIMainStoryboardFile = Main;
				INFOPLIST_KEY_UISupportedInterfaceOrientations_iPad = "UIInterfaceOrientationPortrait UIInterfaceOrientationPortraitUpsideDown UIInterfaceOrientationLandscapeLeft UIInterfaceOrientationLandscapeRight";
				INFOPLIST_KEY_UISupportedInterfaceOrientations_iPhone = "UIInterfaceOrientationPortrait UIInterfaceOrientationLandscapeLeft UIInterfaceOrientationLandscapeRight";
				LD_RUNPATH_SEARCH_PATHS = (
					"$(inherited)",
					"@executable_path/Frameworks",
				);
				MARKETING_VERSION = 1.0;
				PRODUCT_BUNDLE_IDENTIFIER = UHWO.CandyReviewApp;
				PRODUCT_NAME = "$(TARGET_NAME)";
				SWIFT_EMIT_LOC_STRINGS = YES;
				SWIFT_VERSION = 5.0;
				TARGETED_DEVICE_FAMILY = "1,2";
			};
			name = Debug;
		};
		2319D5D22AF1BF8200653370 /* Release */ = {
			isa = XCBuildConfiguration;
			buildSettings = {
				ASSETCATALOG_COMPILER_APPICON_NAME = AppIcon;
				ASSETCATALOG_COMPILER_GLOBAL_ACCENT_COLOR_NAME = AccentColor;
				CODE_SIGN_STYLE = Automatic;
				CURRENT_PROJECT_VERSION = 1;
				DEVELOPMENT_TEAM = SS493YKAUL;
				GENERATE_INFOPLIST_FILE = YES;
				INFOPLIST_FILE = CandyReviewApp/Info.plist;
				INFOPLIST_KEY_UIApplicationSupportsIndirectInputEvents = YES;
				INFOPLIST_KEY_UILaunchStoryboardName = LaunchScreen;
				INFOPLIST_KEY_UIMainStoryboardFile = Main;
				INFOPLIST_KEY_UISupportedInterfaceOrientations_iPad = "UIInterfaceOrientationPortrait UIInterfaceOrientationPortraitUpsideDown UIInterfaceOrientationLandscapeLeft UIInterfaceOrientationLandscapeRight";
				INFOPLIST_KEY_UISupportedInterfaceOrientations_iPhone = "UIInterfaceOrientationPortrait UIInterfaceOrientationLandscapeLeft UIInterfaceOrientationLandscapeRight";
				LD_RUNPATH_SEARCH_PATHS = (
					"$(inherited)",
					"@executable_path/Frameworks",
				);
				MARKETING_VERSION = 1.0;
				PRODUCT_BUNDLE_IDENTIFIER = UHWO.CandyReviewApp;
				PRODUCT_NAME = "$(TARGET_NAME)";
				SWIFT_EMIT_LOC_STRINGS = YES;
				SWIFT_VERSION = 5.0;
				TARGETED_DEVICE_FAMILY = "1,2";
			};
			name = Release;
		};
		2319D5D42AF1BF8200653370 /* Debug */ = {
			isa = XCBuildConfiguration;
			buildSettings = {
				ALWAYS_EMBED_SWIFT_STANDARD_LIBRARIES = YES;
				BUNDLE_LOADER = "$(TEST_HOST)";
				CODE_SIGN_STYLE = Automatic;
				CURRENT_PROJECT_VERSION = 1;
				DEVELOPMENT_TEAM = SS493YKAUL;
				GENERATE_INFOPLIST_FILE = YES;
				IPHONEOS_DEPLOYMENT_TARGET = 16.4;
				MARKETING_VERSION = 1.0;
				PRODUCT_BUNDLE_IDENTIFIER = UHWO.CandyReviewAppTests;
				PRODUCT_NAME = "$(TARGET_NAME)";
				SWIFT_EMIT_LOC_STRINGS = NO;
				SWIFT_VERSION = 5.0;
				TARGETED_DEVICE_FAMILY = "1,2";
				TEST_HOST = "$(BUILT_PRODUCTS_DIR)/CandyReviewApp.app/$(BUNDLE_EXECUTABLE_FOLDER_PATH)/CandyReviewApp";
			};
			name = Debug;
		};
		2319D5D52AF1BF8200653370 /* Release */ = {
			isa = XCBuildConfiguration;
			buildSettings = {
				ALWAYS_EMBED_SWIFT_STANDARD_LIBRARIES = YES;
				BUNDLE_LOADER = "$(TEST_HOST)";
				CODE_SIGN_STYLE = Automatic;
				CURRENT_PROJECT_VERSION = 1;
				DEVELOPMENT_TEAM = SS493YKAUL;
				GENERATE_INFOPLIST_FILE = YES;
				IPHONEOS_DEPLOYMENT_TARGET = 16.4;
				MARKETING_VERSION = 1.0;
				PRODUCT_BUNDLE_IDENTIFIER = UHWO.CandyReviewAppTests;
				PRODUCT_NAME = "$(TARGET_NAME)";
				SWIFT_EMIT_LOC_STRINGS = NO;
				SWIFT_VERSION = 5.0;
				TARGETED_DEVICE_FAMILY = "1,2";
				TEST_HOST = "$(BUILT_PRODUCTS_DIR)/CandyReviewApp.app/$(BUNDLE_EXECUTABLE_FOLDER_PATH)/CandyReviewApp";
			};
			name = Release;
		};
		2319D5D72AF1BF8200653370 /* Debug */ = {
			isa = XCBuildConfiguration;
			buildSettings = {
				ALWAYS_EMBED_SWIFT_STANDARD_LIBRARIES = YES;
				CODE_SIGN_STYLE = Automatic;
				CURRENT_PROJECT_VERSION = 1;
				DEVELOPMENT_TEAM = SS493YKAUL;
				GENERATE_INFOPLIST_FILE = YES;
				MARKETING_VERSION = 1.0;
				PRODUCT_BUNDLE_IDENTIFIER = UHWO.CandyReviewAppUITests;
				PRODUCT_NAME = "$(TARGET_NAME)";
				SWIFT_EMIT_LOC_STRINGS = NO;
				SWIFT_VERSION = 5.0;
				TARGETED_DEVICE_FAMILY = "1,2";
				TEST_TARGET_NAME = CandyReviewApp;
			};
			name = Debug;
		};
		2319D5D82AF1BF8200653370 /* Release */ = {
			isa = XCBuildConfiguration;
			buildSettings = {
				ALWAYS_EMBED_SWIFT_STANDARD_LIBRARIES = YES;
				CODE_SIGN_STYLE = Automatic;
				CURRENT_PROJECT_VERSION = 1;
				DEVELOPMENT_TEAM = SS493YKAUL;
				GENERATE_INFOPLIST_FILE = YES;
				MARKETING_VERSION = 1.0;
				PRODUCT_BUNDLE_IDENTIFIER = UHWO.CandyReviewAppUITests;
				PRODUCT_NAME = "$(TARGET_NAME)";
				SWIFT_EMIT_LOC_STRINGS = NO;
				SWIFT_VERSION = 5.0;
				TARGETED_DEVICE_FAMILY = "1,2";
				TEST_TARGET_NAME = CandyReviewApp;
			};
			name = Release;
		};
/* End XCBuildConfiguration section */

/* Begin XCConfigurationList section */
		2319D5A12AF1BF8000653370 /* Build configuration list for PBXProject "CandyReviewApp" */ = {
			isa = XCConfigurationList;
			buildConfigurations = (
				2319D5CE2AF1BF8200653370 /* Debug */,
				2319D5CF2AF1BF8200653370 /* Release */,
			);
			defaultConfigurationIsVisible = 0;
			defaultConfigurationName = Release;
		};
		2319D5D02AF1BF8200653370 /* Build configuration list for PBXNativeTarget "CandyReviewApp" */ = {
			isa = XCConfigurationList;
			buildConfigurations = (
				2319D5D12AF1BF8200653370 /* Debug */,
				2319D5D22AF1BF8200653370 /* Release */,
			);
			defaultConfigurationIsVisible = 0;
			defaultConfigurationName = Release;
		};
		2319D5D32AF1BF8200653370 /* Build configuration list for PBXNativeTarget "CandyReviewAppTests" */ = {
			isa = XCConfigurationList;
			buildConfigurations = (
				2319D5D42AF1BF8200653370 /* Debug */,
				2319D5D52AF1BF8200653370 /* Release */,
			);
			defaultConfigurationIsVisible = 0;
			defaultConfigurationName = Release;
		};
		2319D5D62AF1BF8200653370 /* Build configuration list for PBXNativeTarget "CandyReviewAppUITests" */ = {
			isa = XCConfigurationList;
			buildConfigurations = (
				2319D5D72AF1BF8200653370 /* Debug */,
				2319D5D82AF1BF8200653370 /* Release */,
			);
			defaultConfigurationIsVisible = 0;
			defaultConfigurationName = Release;
		};
/* End XCConfigurationList section */
	};
	rootObject = 2319D59E2AF1BF8000653370 /* Project object */;
}
